
Microsoft Visual Studio Solution File, Format Version 12.00
# Visual Studio Version 17
VisualStudioVersion = 17.3.32825.248
MinimumVisualStudioVersion = 10.0.40219.1
Project("{FAE04EC0-301F-11D3-BF4B-00C04F79EFBC}") = "Lab_1", "Lab_1.csproj", "{F4FEBCFE-DEC8-4E6D-BD91-5C73BC96AC82}"
EndProject
Global
	GlobalSection(SolutionConfigurationPlatforms) = preSolution
		Debug|Any CPU = Debug|Any CPU
		Release|Any CPU = Release|Any CPU
	EndGlobalSection
	GlobalSection(ProjectConfigurationPlatforms) = postSolution
		{F4FEBCFE-DEC8-4E6D-BD91-5C73BC96AC82}.Debug|Any CPU.ActiveCfg = Debug|Any CPU
		{F4FEBCFE-DEC8-4E6D-BD91-5C73BC96AC82}.Debug|Any CPU.Build.0 = Debug|Any CPU
		{F4FEBCFE-DEC8-4E6D-BD91-5C73BC96AC82}.Release|Any CPU.ActiveCfg = Release|Any CPU
		{F4FEBCFE-DEC8-4E6D-BD91-5C73BC96AC82}.Release|Any CPU.Build.0 = Release|Any CPU
	EndGlobalSection
	GlobalSection(SolutionProperties) = preSolution
		HideSolutionNode = FALSE
	EndGlobalSection
	GlobalSection(ExtensibilityGlobals) = postSolution
		SolutionGuid = {372DBFB8-1456-46B8-961F-94096E2DD1D7}
	EndGlobalSection
EndGlobal
